
Microsoft Visual Studio Solution File, Format Version 12.00
# Visual Studio Version 17
VisualStudioVersion = 17.0.31903.59
MinimumVisualStudioVersion = 10.0.40219.1
Project("{FAE04EC0-301F-11D3-BF4B-00C04F79EFBC}") = "DataverseAzureFunction", "DataverseAzureFunction\DataverseAzureFunction.csproj", "{5F0963D8-550D-42A4-9E57-1EE56D026F47}"
EndProject
Project("{FAE04EC0-301F-11D3-BF4B-00C04F79EFBC}") = "DataverseAzureFunction.Core", "DataverseAzureFunction.Core\DataverseAzureFunction.Core.csproj", "{58D9FCF4-1B9E-4052-8F09-76B7E016C4AB}"
EndProject
Project("{FAE04EC0-301F-11D3-BF4B-00C04F79EFBC}") = "DataverseAzureFunction.DAL", "DataverseAzureFunction.DAL\DataverseAzureFunction.DAL.csproj", "{3968B3D8-217D-43C9-B631-CA99ED73141C}"
EndProject
Project("{FAE04EC0-301F-11D3-BF4B-00C04F79EFBC}") = "DataverseAzureFunction.BL", "DataverseAzureFunction.BL\DataverseAzureFunction.BL.csproj", "{6F4710A5-E2A6-4098-AF2E-0B1C4E9838E2}"
EndProject
Project("{FAE04EC0-301F-11D3-BF4B-00C04F79EFBC}") = "DataverseAzureFunction.Tests", "DataverseAzureFunction.Tests\DataverseAzureFunction.Tests.csproj", "{099792BF-51E2-4246-A12B-F507A0251CB4}"
EndProject
Global
	GlobalSection(SolutionConfigurationPlatforms) = preSolution
		Debug|Any CPU = Debug|Any CPU
		Release|Any CPU = Release|Any CPU
	EndGlobalSection
	GlobalSection(ProjectConfigurationPlatforms) = postSolution
		{5F0963D8-550D-42A4-9E57-1EE56D026F47}.Debug|Any CPU.ActiveCfg = Debug|Any CPU
		{5F0963D8-550D-42A4-9E57-1EE56D026F47}.Debug|Any CPU.Build.0 = Debug|Any CPU
		{5F0963D8-550D-42A4-9E57-1EE56D026F47}.Release|Any CPU.ActiveCfg = Release|Any CPU
		{5F0963D8-550D-42A4-9E57-1EE56D026F47}.Release|Any CPU.Build.0 = Release|Any CPU
		{58D9FCF4-1B9E-4052-8F09-76B7E016C4AB}.Debug|Any CPU.ActiveCfg = Debug|Any CPU
		{58D9FCF4-1B9E-4052-8F09-76B7E016C4AB}.Debug|Any CPU.Build.0 = Debug|Any CPU
		{58D9FCF4-1B9E-4052-8F09-76B7E016C4AB}.Release|Any CPU.ActiveCfg = Release|Any CPU
		{58D9FCF4-1B9E-4052-8F09-76B7E016C4AB}.Release|Any CPU.Build.0 = Release|Any CPU
		{3968B3D8-217D-43C9-B631-CA99ED73141C}.Debug|Any CPU.ActiveCfg = Debug|Any CPU
		{3968B3D8-217D-43C9-B631-CA99ED73141C}.Debug|Any CPU.Build.0 = Debug|Any CPU
		{3968B3D8-217D-43C9-B631-CA99ED73141C}.Release|Any CPU.ActiveCfg = Release|Any CPU
		{3968B3D8-217D-43C9-B631-CA99ED73141C}.Release|Any CPU.Build.0 = Release|Any CPU
		{6F4710A5-E2A6-4098-AF2E-0B1C4E9838E2}.Debug|Any CPU.ActiveCfg = Debug|Any CPU
		{6F4710A5-E2A6-4098-AF2E-0B1C4E9838E2}.Debug|Any CPU.Build.0 = Debug|Any CPU
		{6F4710A5-E2A6-4098-AF2E-0B1C4E9838E2}.Release|Any CPU.ActiveCfg = Release|Any CPU
		{6F4710A5-E2A6-4098-AF2E-0B1C4E9838E2}.Release|Any CPU.Build.0 = Release|Any CPU
		{099792BF-51E2-4246-A12B-F507A0251CB4}.Debug|Any CPU.ActiveCfg = Debug|Any CPU
		{099792BF-51E2-4246-A12B-F507A0251CB4}.Debug|Any CPU.Build.0 = Debug|Any CPU
		{099792BF-51E2-4246-A12B-F507A0251CB4}.Release|Any CPU.ActiveCfg = Release|Any CPU
		{099792BF-51E2-4246-A12B-F507A0251CB4}.Release|Any CPU.Build.0 = Release|Any CPU
	EndGlobalSection
	GlobalSection(SolutionProperties) = preSolution
		HideSolutionNode = FALSE
	EndGlobalSection
	GlobalSection(ExtensibilityGlobals) = postSolution
		SolutionGuid = {A17A269D-EBCC-41D5-A85F-FC5901866C45}
	EndGlobalSection
EndGlobal
